
Microsoft Visual Studio Solution File, Format Version 12.00
# Visual Studio Version 17
VisualStudioVersion = 17.6.33801.468
MinimumVisualStudioVersion = 10.0.40219.1
Project("{FAE04EC0-301F-11D3-BF4B-00C04F79EFBC}") = "CustomerDetails.API", "CustomerDetails.API\CustomerDetails.API.csproj", "{AB0DE9F2-B3BD-4494-A888-8A1147FD9417}"
EndProject
Project("{FAE04EC0-301F-11D3-BF4B-00C04F79EFBC}") = "CustomerDetails.Utility", "CustomerDetails.Utility\CustomerDetails.Utility.csproj", "{35E6629D-9EA1-404A-B8FA-657BF4709704}"
EndProject
Project("{FAE04EC0-301F-11D3-BF4B-00C04F79EFBC}") = "CustomerDetails.DataAccess", "CustomerDetails.DataAccess\CustomerDetails.DataAccess.csproj", "{9DE8A341-0AD6-4F17-8E4E-3F0FB27D5AFB}"
EndProject
Project("{FAE04EC0-301F-11D3-BF4B-00C04F79EFBC}") = "CustomerDetails.BusinessLogic", "CustomerDetails.BusinessLogic\CustomerDetails.BusinessLogic.csproj", "{287EB5DF-EEE7-4342-A42E-570541C0B1F4}"
EndProject
Global
	GlobalSection(SolutionConfigurationPlatforms) = preSolution
		Debug|Any CPU = Debug|Any CPU
		Release|Any CPU = Release|Any CPU
	EndGlobalSection
	GlobalSection(ProjectConfigurationPlatforms) = postSolution
		{AB0DE9F2-B3BD-4494-A888-8A1147FD9417}.Debug|Any CPU.ActiveCfg = Debug|Any CPU
		{AB0DE9F2-B3BD-4494-A888-8A1147FD9417}.Debug|Any CPU.Build.0 = Debug|Any CPU
		{AB0DE9F2-B3BD-4494-A888-8A1147FD9417}.Release|Any CPU.ActiveCfg = Release|Any CPU
		{AB0DE9F2-B3BD-4494-A888-8A1147FD9417}.Release|Any CPU.Build.0 = Release|Any CPU
		{35E6629D-9EA1-404A-B8FA-657BF4709704}.Debug|Any CPU.ActiveCfg = Debug|Any CPU
		{35E6629D-9EA1-404A-B8FA-657BF4709704}.Debug|Any CPU.Build.0 = Debug|Any CPU
		{35E6629D-9EA1-404A-B8FA-657BF4709704}.Release|Any CPU.ActiveCfg = Release|Any CPU
		{35E6629D-9EA1-404A-B8FA-657BF4709704}.Release|Any CPU.Build.0 = Release|Any CPU
		{9DE8A341-0AD6-4F17-8E4E-3F0FB27D5AFB}.Debug|Any CPU.ActiveCfg = Debug|Any CPU
		{9DE8A341-0AD6-4F17-8E4E-3F0FB27D5AFB}.Debug|Any CPU.Build.0 = Debug|Any CPU
		{9DE8A341-0AD6-4F17-8E4E-3F0FB27D5AFB}.Release|Any CPU.ActiveCfg = Release|Any CPU
		{9DE8A341-0AD6-4F17-8E4E-3F0FB27D5AFB}.Release|Any CPU.Build.0 = Release|Any CPU
		{287EB5DF-EEE7-4342-A42E-570541C0B1F4}.Debug|Any CPU.ActiveCfg = Debug|Any CPU
		{287EB5DF-EEE7-4342-A42E-570541C0B1F4}.Debug|Any CPU.Build.0 = Debug|Any CPU
		{287EB5DF-EEE7-4342-A42E-570541C0B1F4}.Release|Any CPU.ActiveCfg = Release|Any CPU
		{287EB5DF-EEE7-4342-A42E-570541C0B1F4}.Release|Any CPU.Build.0 = Release|Any CPU
	EndGlobalSection
	GlobalSection(SolutionProperties) = preSolution
		HideSolutionNode = FALSE
	EndGlobalSection
	GlobalSection(ExtensibilityGlobals) = postSolution
		SolutionGuid = {C827C595-E79D-46D1-A264-95E424DBDE6B}
	EndGlobalSection
EndGlobal
